
Microsoft Visual Studio Solution File, Format Version 12.00
# Visual Studio Version 17
VisualStudioVersion = 17.10.34928.147
MinimumVisualStudioVersion = 10.0.40219.1
Project("{FAE04EC0-301F-11D3-BF4B-00C04F79EFBC}") = "Advanced01", "Advanced01\Advanced01.csproj", "{353506A4-1DD7-43FF-90BC-A24C35272958}"
EndProject
Global
	GlobalSection(SolutionConfigurationPlatforms) = preSolution
		Debug|Any CPU = Debug|Any CPU
		Release|Any CPU = Release|Any CPU
	EndGlobalSection
	GlobalSection(ProjectConfigurationPlatforms) = postSolution
		{353506A4-1DD7-43FF-90BC-A24C35272958}.Debug|Any CPU.ActiveCfg = Debug|Any CPU
		{353506A4-1DD7-43FF-90BC-A24C35272958}.Debug|Any CPU.Build.0 = Debug|Any CPU
		{353506A4-1DD7-43FF-90BC-A24C35272958}.Release|Any CPU.ActiveCfg = Release|Any CPU
		{353506A4-1DD7-43FF-90BC-A24C35272958}.Release|Any CPU.Build.0 = Release|Any CPU
	EndGlobalSection
	GlobalSection(SolutionProperties) = preSolution
		HideSolutionNode = FALSE
	EndGlobalSection
	GlobalSection(ExtensibilityGlobals) = postSolution
		SolutionGuid = {9EEAE33C-DB05-4A4B-AE14-ED636918C1A5}
	EndGlobalSection
EndGlobal
